
Microsoft Visual Studio Solution File, Format Version 12.00
# Visual Studio Version 17
VisualStudioVersion = 17.6.33712.159
MinimumVisualStudioVersion = 10.0.40219.1
Project("{8BC9CEB8-8B4A-11D0-8D11-00A0C91BC942}") = "WinRt3", "WinRt3\WinRt3.vcxproj", "{74A39971-74B1-4D57-AAF2-77607444B481}"
EndProject
Project("{8BC9CEB8-8B4A-11D0-8D11-00A0C91BC942}") = "WinRt3Test", "WinRt3Test\WinRt3Test.vcxproj", "{B870EA86-92F5-40AE-A6F0-53ABE400E68F}"
EndProject
Project("{8BC9CEB8-8B4A-11D0-8D11-00A0C91BC942}") = "WinRt3XamlTest", "WinRt3XamlTest\WinRt3XamlTest.vcxproj", "{1898215F-3ACE-408E-8A8B-2EA323D5E8E7}"
EndProject
Project("{8BC9CEB8-8B4A-11D0-8D11-00A0C91BC942}") = "WinRt3Test2", "WinRt3Test2\WinRt3Test2.vcxproj", "{D766E8E7-0AB9-4917-BB7D-F3AE56558661}"
EndProject
Global
	GlobalSection(SolutionConfigurationPlatforms) = preSolution
		Debug|x64 = Debug|x64
		Debug|x86 = Debug|x86
		Release|x64 = Release|x64
		Release|x86 = Release|x86
	EndGlobalSection
	GlobalSection(ProjectConfigurationPlatforms) = postSolution
		{74A39971-74B1-4D57-AAF2-77607444B481}.Debug|x64.ActiveCfg = Debug|x64
		{74A39971-74B1-4D57-AAF2-77607444B481}.Debug|x64.Build.0 = Debug|x64
		{74A39971-74B1-4D57-AAF2-77607444B481}.Debug|x86.ActiveCfg = Debug|Win32
		{74A39971-74B1-4D57-AAF2-77607444B481}.Debug|x86.Build.0 = Debug|Win32
		{74A39971-74B1-4D57-AAF2-77607444B481}.Release|x64.ActiveCfg = Release|x64
		{74A39971-74B1-4D57-AAF2-77607444B481}.Release|x64.Build.0 = Release|x64
		{74A39971-74B1-4D57-AAF2-77607444B481}.Release|x86.ActiveCfg = Release|Win32
		{74A39971-74B1-4D57-AAF2-77607444B481}.Release|x86.Build.0 = Release|Win32
		{B870EA86-92F5-40AE-A6F0-53ABE400E68F}.Debug|x64.ActiveCfg = Debug|x64
		{B870EA86-92F5-40AE-A6F0-53ABE400E68F}.Debug|x64.Build.0 = Debug|x64
		{B870EA86-92F5-40AE-A6F0-53ABE400E68F}.Debug|x86.ActiveCfg = Debug|Win32
		{B870EA86-92F5-40AE-A6F0-53ABE400E68F}.Debug|x86.Build.0 = Debug|Win32
		{B870EA86-92F5-40AE-A6F0-53ABE400E68F}.Release|x64.ActiveCfg = Release|x64
		{B870EA86-92F5-40AE-A6F0-53ABE400E68F}.Release|x64.Build.0 = Release|x64
		{B870EA86-92F5-40AE-A6F0-53ABE400E68F}.Release|x86.ActiveCfg = Release|Win32
		{B870EA86-92F5-40AE-A6F0-53ABE400E68F}.Release|x86.Build.0 = Release|Win32
		{1898215F-3ACE-408E-8A8B-2EA323D5E8E7}.Debug|x64.ActiveCfg = Debug|x64
		{1898215F-3ACE-408E-8A8B-2EA323D5E8E7}.Debug|x64.Build.0 = Debug|x64
		{1898215F-3ACE-408E-8A8B-2EA323D5E8E7}.Debug|x64.Deploy.0 = Debug|x64
		{1898215F-3ACE-408E-8A8B-2EA323D5E8E7}.Debug|x86.ActiveCfg = Debug|Win32
		{1898215F-3ACE-408E-8A8B-2EA323D5E8E7}.Debug|x86.Build.0 = Debug|Win32
		{1898215F-3ACE-408E-8A8B-2EA323D5E8E7}.Release|x64.ActiveCfg = Release|x64
		{1898215F-3ACE-408E-8A8B-2EA323D5E8E7}.Release|x64.Build.0 = Release|x64
		{1898215F-3ACE-408E-8A8B-2EA323D5E8E7}.Release|x86.ActiveCfg = Release|Win32
		{1898215F-3ACE-408E-8A8B-2EA323D5E8E7}.Release|x86.Build.0 = Release|Win32
		{D766E8E7-0AB9-4917-BB7D-F3AE56558661}.Debug|x64.ActiveCfg = Debug|x64
		{D766E8E7-0AB9-4917-BB7D-F3AE56558661}.Debug|x64.Build.0 = Debug|x64
		{D766E8E7-0AB9-4917-BB7D-F3AE56558661}.Debug|x86.ActiveCfg = Debug|Win32
		{D766E8E7-0AB9-4917-BB7D-F3AE56558661}.Debug|x86.Build.0 = Debug|Win32
		{D766E8E7-0AB9-4917-BB7D-F3AE56558661}.Release|x64.ActiveCfg = Release|x64
		{D766E8E7-0AB9-4917-BB7D-F3AE56558661}.Release|x64.Build.0 = Release|x64
		{D766E8E7-0AB9-4917-BB7D-F3AE56558661}.Release|x86.ActiveCfg = Release|Win32
		{D766E8E7-0AB9-4917-BB7D-F3AE56558661}.Release|x86.Build.0 = Release|Win32
	EndGlobalSection
	GlobalSection(SolutionProperties) = preSolution
		HideSolutionNode = FALSE
	EndGlobalSection
	GlobalSection(ExtensibilityGlobals) = postSolution
		SolutionGuid = {E102E316-24ED-4F22-AB5B-85477875835A}
	EndGlobalSection
EndGlobal
